// !$*UTF8*$!
{
	archiveVersion = 1;
	classes = {
	};
	objectVersion = 56;
	objects = {

/* Begin PBXBuildFile section */
		8515D2FC2BB58EA600125139 /* AppDelegate.swift in Sources */ = {isa = PBXBuildFile; fileRef = 8515D2FB2BB58EA600125139 /* AppDelegate.swift */; };
		8515D2FE2BB58EA600125139 /* SceneDelegate.swift in Sources */ = {isa = PBXBuildFile; fileRef = 8515D2FD2BB58EA600125139 /* SceneDelegate.swift */; };
		8515D3002BB58EA600125139 /* MainViewController.swift in Sources */ = {isa = PBXBuildFile; fileRef = 8515D2FF2BB58EA600125139 /* MainViewController.swift */; };
		8515D3052BB58EA700125139 /* Assets.xcassets in Resources */ = {isa = PBXBuildFile; fileRef = 8515D3042BB58EA700125139 /* Assets.xcassets */; };
		8515D3082BB58EA700125139 /* Base in Resources */ = {isa = PBXBuildFile; fileRef = 8515D3072BB58EA700125139 /* Base */; };
		8515D3102BB58F7B00125139 /* MainModuleBuilder.swift in Sources */ = {isa = PBXBuildFile; fileRef = 8515D30F2BB58F7B00125139 /* MainModuleBuilder.swift */; };
		8515D3122BB58FE700125139 /* MainView.swift in Sources */ = {isa = PBXBuildFile; fileRef = 8515D3112BB58FE700125139 /* MainView.swift */; };
		8515D3142BB5903E00125139 /* ServiceCell.swift in Sources */ = {isa = PBXBuildFile; fileRef = 8515D3132BB5903E00125139 /* ServiceCell.swift */; };
		8515D3162BB590A600125139 /* ModelData.swift in Sources */ = {isa = PBXBuildFile; fileRef = 8515D3152BB590A600125139 /* ModelData.swift */; };
		8515D31B2BB5931600125139 /* ServiceViewModel.swift in Sources */ = {isa = PBXBuildFile; fileRef = 8515D31A2BB5931600125139 /* ServiceViewModel.swift */; };
		8515D31D2BB5A92200125139 /* NetworkService.swift in Sources */ = {isa = PBXBuildFile; fileRef = 8515D31C2BB5A92200125139 /* NetworkService.swift */; };
		8515D31F2BB5B84D00125139 /* MainInteractor.swift in Sources */ = {isa = PBXBuildFile; fileRef = 8515D31E2BB5B84D00125139 /* MainInteractor.swift */; };
		8515D3212BB5B89A00125139 /* MainPresenter.swift in Sources */ = {isa = PBXBuildFile; fileRef = 8515D3202BB5B89A00125139 /* MainPresenter.swift */; };
		8515D3252BB5C79C00125139 /* WebViewController.swift in Sources */ = {isa = PBXBuildFile; fileRef = 8515D3242BB5C79C00125139 /* WebViewController.swift */; };
		8515D3282BB5C81800125139 /* MainRouter.swift in Sources */ = {isa = PBXBuildFile; fileRef = 8515D3272BB5C81800125139 /* MainRouter.swift */; };
/* End PBXBuildFile section */

/* Begin PBXFileReference section */
		8515D2F82BB58EA600125139 /* ServicesVK.app */ = {isa = PBXFileReference; explicitFileType = wrapper.application; includeInIndex = 0; path = ServicesVK.app; sourceTree = BUILT_PRODUCTS_DIR; };
		8515D2FB2BB58EA600125139 /* AppDelegate.swift */ = {isa = PBXFileReference; lastKnownFileType = sourcecode.swift; path = AppDelegate.swift; sourceTree = "<group>"; };
		8515D2FD2BB58EA600125139 /* SceneDelegate.swift */ = {isa = PBXFileReference; lastKnownFileType = sourcecode.swift; path = SceneDelegate.swift; sourceTree = "<group>"; };
		8515D2FF2BB58EA600125139 /* MainViewController.swift */ = {isa = PBXFileReference; lastKnownFileType = sourcecode.swift; path = MainViewController.swift; sourceTree = "<group>"; };
		8515D3042BB58EA700125139 /* Assets.xcassets */ = {isa = PBXFileReference; lastKnownFileType = folder.assetcatalog; path = Assets.xcassets; sourceTree = "<group>"; };
		8515D3072BB58EA700125139 /* Base */ = {isa = PBXFileReference; lastKnownFileType = file.storyboard; name = Base; path = Base.lproj/LaunchScreen.storyboard; sourceTree = "<group>"; };
		8515D3092BB58EA700125139 /* Info.plist */ = {isa = PBXFileReference; lastKnownFileType = text.plist.xml; path = Info.plist; sourceTree = "<group>"; };
		8515D30F2BB58F7B00125139 /* MainModuleBuilder.swift */ = {isa = PBXFileReference; lastKnownFileType = sourcecode.swift; path = MainModuleBuilder.swift; sourceTree = "<group>"; };
		8515D3112BB58FE700125139 /* MainView.swift */ = {isa = PBXFileReference; lastKnownFileType = sourcecode.swift; path = MainView.swift; sourceTree = "<group>"; };
		8515D3132BB5903E00125139 /* ServiceCell.swift */ = {isa = PBXFileReference; lastKnownFileType = sourcecode.swift; path = ServiceCell.swift; sourceTree = "<group>"; };
		8515D3152BB590A600125139 /* ModelData.swift */ = {isa = PBXFileReference; lastKnownFileType = sourcecode.swift; path = ModelData.swift; sourceTree = "<group>"; };
		8515D31A2BB5931600125139 /* ServiceViewModel.swift */ = {isa = PBXFileReference; lastKnownFileType = sourcecode.swift; path = ServiceViewModel.swift; sourceTree = "<group>"; };
		8515D31C2BB5A92200125139 /* NetworkService.swift */ = {isa = PBXFileReference; lastKnownFileType = sourcecode.swift; path = NetworkService.swift; sourceTree = "<group>"; };
		8515D31E2BB5B84D00125139 /* MainInteractor.swift */ = {isa = PBXFileReference; lastKnownFileType = sourcecode.swift; path = MainInteractor.swift; sourceTree = "<group>"; };
		8515D3202BB5B89A00125139 /* MainPresenter.swift */ = {isa = PBXFileReference; lastKnownFileType = sourcecode.swift; path = MainPresenter.swift; sourceTree = "<group>"; };
		8515D3242BB5C79C00125139 /* WebViewController.swift */ = {isa = PBXFileReference; lastKnownFileType = sourcecode.swift; path = WebViewController.swift; sourceTree = "<group>"; };
		8515D3272BB5C81800125139 /* MainRouter.swift */ = {isa = PBXFileReference; lastKnownFileType = sourcecode.swift; path = MainRouter.swift; sourceTree = "<group>"; };
/* End PBXFileReference section */

/* Begin PBXFrameworksBuildPhase section */
		8515D2F52BB58EA600125139 /* Frameworks */ = {
			isa = PBXFrameworksBuildPhase;
			buildActionMask = 2147483647;
			files = (
			);
			runOnlyForDeploymentPostprocessing = 0;
		};
/* End PBXFrameworksBuildPhase section */

/* Begin PBXGroup section */
		8515D2EF2BB58EA600125139 = {
			isa = PBXGroup;
			children = (
				8515D2FA2BB58EA600125139 /* ServicesVK */,
				8515D2F92BB58EA600125139 /* Products */,
			);
			sourceTree = "<group>";
		};
		8515D2F92BB58EA600125139 /* Products */ = {
			isa = PBXGroup;
			children = (
				8515D2F82BB58EA600125139 /* ServicesVK.app */,
			);
			name = Products;
			sourceTree = "<group>";
		};
		8515D2FA2BB58EA600125139 /* ServicesVK */ = {
			isa = PBXGroup;
			children = (
				8515D3172BB5926300125139 /* App */,
				8515D3182BB5927D00125139 /* MainView */,
				8515D3262BB5C7DE00125139 /* WebView */,
				8515D3232BB5C77F00125139 /* Service */,
				8515D3192BB5928C00125139 /* Model */,
				8515D3042BB58EA700125139 /* Assets.xcassets */,
				8515D3062BB58EA700125139 /* LaunchScreen.storyboard */,
				8515D3092BB58EA700125139 /* Info.plist */,
			);
			path = ServicesVK;
			sourceTree = "<group>";
		};
		8515D3172BB5926300125139 /* App */ = {
			isa = PBXGroup;
			children = (
				8515D2FB2BB58EA600125139 /* AppDelegate.swift */,
				8515D2FD2BB58EA600125139 /* SceneDelegate.swift */,
			);
			path = App;
			sourceTree = "<group>";
		};
		8515D3182BB5927D00125139 /* MainView */ = {
			isa = PBXGroup;
			children = (
				8515D2FF2BB58EA600125139 /* MainViewController.swift */,
				8515D31E2BB5B84D00125139 /* MainInteractor.swift */,
				8515D3202BB5B89A00125139 /* MainPresenter.swift */,
				8515D30F2BB58F7B00125139 /* MainModuleBuilder.swift */,
				8515D3272BB5C81800125139 /* MainRouter.swift */,
				8515D3222BB5C77000125139 /* Views */,
			);
			path = MainView;
			sourceTree = "<group>";
		};
		8515D3192BB5928C00125139 /* Model */ = {
			isa = PBXGroup;
			children = (
				8515D3152BB590A600125139 /* ModelData.swift */,
				8515D31A2BB5931600125139 /* ServiceViewModel.swift */,
			);
			path = Model;
			sourceTree = "<group>";
		};
		8515D3222BB5C77000125139 /* Views */ = {
			isa = PBXGroup;
			children = (
				8515D3112BB58FE700125139 /* MainView.swift */,
				8515D3132BB5903E00125139 /* ServiceCell.swift */,
			);
			path = Views;
			sourceTree = "<group>";
		};
		8515D3232BB5C77F00125139 /* Service */ = {
			isa = PBXGroup;
			children = (
				8515D31C2BB5A92200125139 /* NetworkService.swift */,
			);
			path = Service;
			sourceTree = "<group>";
		};
		8515D3262BB5C7DE00125139 /* WebView */ = {
			isa = PBXGroup;
			children = (
				8515D3242BB5C79C00125139 /* WebViewController.swift */,
			);
			path = WebView;
			sourceTree = "<group>";
		};
/* End PBXGroup section */

/* Begin PBXNativeTarget section */
		8515D2F72BB58EA600125139 /* ServicesVK */ = {
			isa = PBXNativeTarget;
			buildConfigurationList = 8515D30C2BB58EA700125139 /* Build configuration list for PBXNativeTarget "ServicesVK" */;
			buildPhases = (
				8515D2F42BB58EA600125139 /* Sources */,
				8515D2F52BB58EA600125139 /* Frameworks */,
				8515D2F62BB58EA600125139 /* Resources */,
			);
			buildRules = (
			);
			dependencies = (
			);
			name = ServicesVK;
			productName = ServicesVK;
			productReference = 8515D2F82BB58EA600125139 /* ServicesVK.app */;
			productType = "com.apple.product-type.application";
		};
/* End PBXNativeTarget section */

/* Begin PBXProject section */
		8515D2F02BB58EA600125139 /* Project object */ = {
			isa = PBXProject;
			attributes = {
				BuildIndependentTargetsInParallel = 1;
				LastSwiftUpdateCheck = 1530;
				LastUpgradeCheck = 1530;
				TargetAttributes = {
					8515D2F72BB58EA600125139 = {
						CreatedOnToolsVersion = 15.3;
					};
				};
			};
			buildConfigurationList = 8515D2F32BB58EA600125139 /* Build configuration list for PBXProject "ServicesVK" */;
			compatibilityVersion = "Xcode 14.0";
			developmentRegion = en;
			hasScannedForEncodings = 0;
			knownRegions = (
				en,
				Base,
			);
			mainGroup = 8515D2EF2BB58EA600125139;
			productRefGroup = 8515D2F92BB58EA600125139 /* Products */;
			projectDirPath = "";
			projectRoot = "";
			targets = (
				8515D2F72BB58EA600125139 /* ServicesVK */,
			);
		};
/* End PBXProject section */

/* Begin PBXResourcesBuildPhase section */
		8515D2F62BB58EA600125139 /* Resources */ = {
			isa = PBXResourcesBuildPhase;
			buildActionMask = 2147483647;
			files = (
				8515D3052BB58EA700125139 /* Assets.xcassets in Resources */,
				8515D3082BB58EA700125139 /* Base in Resources */,
			);
			runOnlyForDeploymentPostprocessing = 0;
		};
/* End PBXResourcesBuildPhase section */

/* Begin PBXSourcesBuildPhase section */
		8515D2F42BB58EA600125139 /* Sources */ = {
			isa = PBXSourcesBuildPhase;
			buildActionMask = 2147483647;
			files = (
				8515D3102BB58F7B00125139 /* MainModuleBuilder.swift in Sources */,
				8515D3002BB58EA600125139 /* MainViewController.swift in Sources */,
				8515D2FC2BB58EA600125139 /* AppDelegate.swift in Sources */,
				8515D31F2BB5B84D00125139 /* MainInteractor.swift in Sources */,
				8515D3142BB5903E00125139 /* ServiceCell.swift in Sources */,
				8515D3282BB5C81800125139 /* MainRouter.swift in Sources */,
				8515D31D2BB5A92200125139 /* NetworkService.swift in Sources */,
				8515D3122BB58FE700125139 /* MainView.swift in Sources */,
				8515D3252BB5C79C00125139 /* WebViewController.swift in Sources */,
				8515D2FE2BB58EA600125139 /* SceneDelegate.swift in Sources */,
				8515D3212BB5B89A00125139 /* MainPresenter.swift in Sources */,
				8515D31B2BB5931600125139 /* ServiceViewModel.swift in Sources */,
				8515D3162BB590A600125139 /* ModelData.swift in Sources */,
			);
			runOnlyForDeploymentPostprocessing = 0;
		};
/* End PBXSourcesBuildPhase section */

/* Begin PBXVariantGroup section */
		8515D3062BB58EA700125139 /* LaunchScreen.storyboard */ = {
			isa = PBXVariantGroup;
			children = (
				8515D3072BB58EA700125139 /* Base */,
			);
			name = LaunchScreen.storyboard;
			sourceTree = "<group>";
		};
/* End PBXVariantGroup section */

/* Begin XCBuildConfiguration section */
		8515D30A2BB58EA700125139 /* Debug */ = {
			isa = XCBuildConfiguration;
			buildSettings = {
				ALWAYS_SEARCH_USER_PATHS = NO;
				ASSETCATALOG_COMPILER_GENERATE_SWIFT_ASSET_SYMBOL_EXTENSIONS = YES;
				CLANG_ANALYZER_NONNULL = YES;
				CLANG_ANALYZER_NUMBER_OBJECT_CONVERSION = YES_AGGRESSIVE;
				CLANG_CXX_LANGUAGE_STANDARD = "gnu++20";
				CLANG_ENABLE_MODULES = YES;
				CLANG_ENABLE_OBJC_ARC = YES;
				CLANG_ENABLE_OBJC_WEAK = YES;
				CLANG_WARN_BLOCK_CAPTURE_AUTORELEASING = YES;
				CLANG_WARN_BOOL_CONVERSION = YES;
				CLANG_WARN_COMMA = YES;
				CLANG_WARN_CONSTANT_CONVERSION = YES;
				CLANG_WARN_DEPRECATED_OBJC_IMPLEMENTATIONS = YES;
				CLANG_WARN_DIRECT_OBJC_ISA_USAGE = YES_ERROR;
				CLANG_WARN_DOCUMENTATION_COMMENTS = YES;
				CLANG_WARN_EMPTY_BODY = YES;
				CLANG_WARN_ENUM_CONVERSION = YES;
				CLANG_WARN_INFINITE_RECURSION = YES;
				CLANG_WARN_INT_CONVERSION = YES;
				CLANG_WARN_NON_LITERAL_NULL_CONVERSION = YES;
				CLANG_WARN_OBJC_IMPLICIT_RETAIN_SELF = YES;
				CLANG_WARN_OBJC_LITERAL_CONVERSION = YES;
				CLANG_WARN_OBJC_ROOT_CLASS = YES_ERROR;
				CLANG_WARN_QUOTED_INCLUDE_IN_FRAMEWORK_HEADER = YES;
				CLANG_WARN_RANGE_LOOP_ANALYSIS = YES;
				CLANG_WARN_STRICT_PROTOTYPES = YES;
				CLANG_WARN_SUSPICIOUS_MOVE = YES;
				CLANG_WARN_UNGUARDED_AVAILABILITY = YES_AGGRESSIVE;
				CLANG_WARN_UNREACHABLE_CODE = YES;
				CLANG_WARN__DUPLICATE_METHOD_MATCH = YES;
				COPY_PHASE_STRIP = NO;
				DEBUG_INFORMATION_FORMAT = dwarf;
				ENABLE_STRICT_OBJC_MSGSEND = YES;
				ENABLE_TESTABILITY = YES;
				ENABLE_USER_SCRIPT_SANDBOXING = YES;
				GCC_C_LANGUAGE_STANDARD = gnu17;
				GCC_DYNAMIC_NO_PIC = NO;
				GCC_NO_COMMON_BLOCKS = YES;
				GCC_OPTIMIZATION_LEVEL = 0;
				GCC_PREPROCESSOR_DEFINITIONS = (
					"DEBUG=1",
					"$(inherited)",
				);
				GCC_WARN_64_TO_32_BIT_CONVERSION = YES;
				GCC_WARN_ABOUT_RETURN_TYPE = YES_ERROR;
				GCC_WARN_UNDECLARED_SELECTOR = YES;
				GCC_WARN_UNINITIALIZED_AUTOS = YES_AGGRESSIVE;
				GCC_WARN_UNUSED_FUNCTION = YES;
				GCC_WARN_UNUSED_VARIABLE = YES;
				IPHONEOS_DEPLOYMENT_TARGET = 17.4;
				LOCALIZATION_PREFERS_STRING_CATALOGS = YES;
				MTL_ENABLE_DEBUG_INFO = INCLUDE_SOURCE;
				MTL_FAST_MATH = YES;
				ONLY_ACTIVE_ARCH = YES;
				SDKROOT = iphoneos;
				SWIFT_ACTIVE_COMPILATION_CONDITIONS = "DEBUG $(inherited)";
				SWIFT_OPTIMIZATION_LEVEL = "-Onone";
			};
			name = Debug;
		};
		8515D30B2BB58EA700125139 /* Release */ = {
			isa = XCBuildConfiguration;
			buildSettings = {
				ALWAYS_SEARCH_USER_PATHS = NO;
				ASSETCATALOG_COMPILER_GENERATE_SWIFT_ASSET_SYMBOL_EXTENSIONS = YES;
				CLANG_ANALYZER_NONNULL = YES;
				CLANG_ANALYZER_NUMBER_OBJECT_CONVERSION = YES_AGGRESSIVE;
				CLANG_CXX_LANGUAGE_STANDARD = "gnu++20";
				CLANG_ENABLE_MODULES = YES;
				CLANG_ENABLE_OBJC_ARC = YES;
				CLANG_ENABLE_OBJC_WEAK = YES;
				CLANG_WARN_BLOCK_CAPTURE_AUTORELEASING = YES;
				CLANG_WARN_BOOL_CONVERSION = YES;
				CLANG_WARN_COMMA = YES;
				CLANG_WARN_CONSTANT_CONVERSION = YES;
				CLANG_WARN_DEPRECATED_OBJC_IMPLEMENTATIONS = YES;
				CLANG_WARN_DIRECT_OBJC_ISA_USAGE = YES_ERROR;
				CLANG_WARN_DOCUMENTATION_COMMENTS = YES;
				CLANG_WARN_EMPTY_BODY = YES;
				CLANG_WARN_ENUM_CONVERSION = YES;
				CLANG_WARN_INFINITE_RECURSION = YES;
				CLANG_WARN_INT_CONVERSION = YES;
				CLANG_WARN_NON_LITERAL_NULL_CONVERSION = YES;
				CLANG_WARN_OBJC_IMPLICIT_RETAIN_SELF = YES;
				CLANG_WARN_OBJC_LITERAL_CONVERSION = YES;
				CLANG_WARN_OBJC_ROOT_CLASS = YES_ERROR;
				CLANG_WARN_QUOTED_INCLUDE_IN_FRAMEWORK_HEADER = YES;
				CLANG_WARN_RANGE_LOOP_ANALYSIS = YES;
				CLANG_WARN_STRICT_PROTOTYPES = YES;
				CLANG_WARN_SUSPICIOUS_MOVE = YES;
				CLANG_WARN_UNGUARDED_AVAILABILITY = YES_AGGRESSIVE;
				CLANG_WARN_UNREACHABLE_CODE = YES;
				CLANG_WARN__DUPLICATE_METHOD_MATCH = YES;
				COPY_PHASE_STRIP = NO;
				DEBUG_INFORMATION_FORMAT = "dwarf-with-dsym";
				ENABLE_NS_ASSERTIONS = NO;
				ENABLE_STRICT_OBJC_MSGSEND = YES;
				ENABLE_USER_SCRIPT_SANDBOXING = YES;
				GCC_C_LANGUAGE_STANDARD = gnu17;
				GCC_NO_COMMON_BLOCKS = YES;
				GCC_WARN_64_TO_32_BIT_CONVERSION = YES;
				GCC_WARN_ABOUT_RETURN_TYPE = YES_ERROR;
				GCC_WARN_UNDECLARED_SELECTOR = YES;
				GCC_WARN_UNINITIALIZED_AUTOS = YES_AGGRESSIVE;
				GCC_WARN_UNUSED_FUNCTION = YES;
				GCC_WARN_UNUSED_VARIABLE = YES;
				IPHONEOS_DEPLOYMENT_TARGET = 17.4;
				LOCALIZATION_PREFERS_STRING_CATALOGS = YES;
				MTL_ENABLE_DEBUG_INFO = NO;
				MTL_FAST_MATH = YES;
				SDKROOT = iphoneos;
				SWIFT_COMPILATION_MODE = wholemodule;
				VALIDATE_PRODUCT = YES;
			};
			name = Release;
		};
		8515D30D2BB58EA700125139 /* Debug */ = {
			isa = XCBuildConfiguration;
			buildSettings = {
				ASSETCATALOG_COMPILER_APPICON_NAME = AppIcon;
				ASSETCATALOG_COMPILER_GLOBAL_ACCENT_COLOR_NAME = AccentColor;
				CODE_SIGN_STYLE = Automatic;
				CURRENT_PROJECT_VERSION = 1;
				DEVELOPMENT_TEAM = 4DHB28A3AA;
				GENERATE_INFOPLIST_FILE = YES;
				INFOPLIST_FILE = ServicesVK/Info.plist;
				INFOPLIST_KEY_UIApplicationSupportsIndirectInputEvents = YES;
				INFOPLIST_KEY_UILaunchStoryboardName = LaunchScreen;
				INFOPLIST_KEY_UISupportedInterfaceOrientations_iPad = "UIInterfaceOrientationPortrait UIInterfaceOrientationPortraitUpsideDown UIInterfaceOrientationLandscapeLeft UIInterfaceOrientationLandscapeRight";
				INFOPLIST_KEY_UISupportedInterfaceOrientations_iPhone = "UIInterfaceOrientationPortrait UIInterfaceOrientationLandscapeLeft UIInterfaceOrientationLandscapeRight";
				LD_RUNPATH_SEARCH_PATHS = (
					"$(inherited)",
					"@executable_path/Frameworks",
				);
				MARKETING_VERSION = 1.0;
				PRODUCT_BUNDLE_IDENTIFIER = KseniaKobak.ServicesVK;
				PRODUCT_NAME = "$(TARGET_NAME)";
				SWIFT_EMIT_LOC_STRINGS = YES;
				SWIFT_VERSION = 5.0;
				TARGETED_DEVICE_FAMILY = "1,2";
			};
			name = Debug;
		};
		8515D30E2BB58EA700125139 /* Release */ = {
			isa = XCBuildConfiguration;
			buildSettings = {
				ASSETCATALOG_COMPILER_APPICON_NAME = AppIcon;
				ASSETCATALOG_COMPILER_GLOBAL_ACCENT_COLOR_NAME = AccentColor;
				CODE_SIGN_STYLE = Automatic;
				CURRENT_PROJECT_VERSION = 1;
				DEVELOPMENT_TEAM = 4DHB28A3AA;
				GENERATE_INFOPLIST_FILE = YES;
				INFOPLIST_FILE = ServicesVK/Info.plist;
				INFOPLIST_KEY_UIApplicationSupportsIndirectInputEvents = YES;
				INFOPLIST_KEY_UILaunchStoryboardName = LaunchScreen;
				INFOPLIST_KEY_UISupportedInterfaceOrientations_iPad = "UIInterfaceOrientationPortrait UIInterfaceOrientationPortraitUpsideDown UIInterfaceOrientationLandscapeLeft UIInterfaceOrientationLandscapeRight";
				INFOPLIST_KEY_UISupportedInterfaceOrientations_iPhone = "UIInterfaceOrientationPortrait UIInterfaceOrientationLandscapeLeft UIInterfaceOrientationLandscapeRight";
				LD_RUNPATH_SEARCH_PATHS = (
					"$(inherited)",
					"@executable_path/Frameworks",
				);
				MARKETING_VERSION = 1.0;
				PRODUCT_BUNDLE_IDENTIFIER = KseniaKobak.ServicesVK;
				PRODUCT_NAME = "$(TARGET_NAME)";
				SWIFT_EMIT_LOC_STRINGS = YES;
				SWIFT_VERSION = 5.0;
				TARGETED_DEVICE_FAMILY = "1,2";
			};
			name = Release;
		};
/* End XCBuildConfiguration section */

/* Begin XCConfigurationList section */
		8515D2F32BB58EA600125139 /* Build configuration list for PBXProject "ServicesVK" */ = {
			isa = XCConfigurationList;
			buildConfigurations = (
				8515D30A2BB58EA700125139 /* Debug */,
				8515D30B2BB58EA700125139 /* Release */,
			);
			defaultConfigurationIsVisible = 0;
			defaultConfigurationName = Release;
		};
		8515D30C2BB58EA700125139 /* Build configuration list for PBXNativeTarget "ServicesVK" */ = {
			isa = XCConfigurationList;
			buildConfigurations = (
				8515D30D2BB58EA700125139 /* Debug */,
				8515D30E2BB58EA700125139 /* Release */,
			);
			defaultConfigurationIsVisible = 0;
			defaultConfigurationName = Release;
		};
/* End XCConfigurationList section */
	};
	rootObject = 8515D2F02BB58EA600125139 /* Project object */;
}
